
Microsoft Visual Studio Solution File, Format Version 12.00
# Visual Studio Version 17
VisualStudioVersion = 17.12.35309.182
MinimumVisualStudioVersion = 10.0.40219.1
Project("{FAE04EC0-301F-11D3-BF4B-00C04F79EFBC}") = "ShapesRFun", "ShapesRFun.csproj", "{7EC485B9-CBEC-46B6-B007-D0EF34244672}"
EndProject
Global
	GlobalSection(SolutionConfigurationPlatforms) = preSolution
		Debug|Any CPU = Debug|Any CPU
		Release|Any CPU = Release|Any CPU
	EndGlobalSection
	GlobalSection(ProjectConfigurationPlatforms) = postSolution
		{7EC485B9-CBEC-46B6-B007-D0EF34244672}.Debug|Any CPU.ActiveCfg = Debug|Any CPU
		{7EC485B9-CBEC-46B6-B007-D0EF34244672}.Debug|Any CPU.Build.0 = Debug|Any CPU
		{7EC485B9-CBEC-46B6-B007-D0EF34244672}.Release|Any CPU.ActiveCfg = Release|Any CPU
		{7EC485B9-CBEC-46B6-B007-D0EF34244672}.Release|Any CPU.Build.0 = Release|Any CPU
	EndGlobalSection
	GlobalSection(SolutionProperties) = preSolution
		HideSolutionNode = FALSE
	EndGlobalSection
	GlobalSection(ExtensibilityGlobals) = postSolution
		SolutionGuid = {3852FAA1-474B-4C42-A56B-2873F2693781}
	EndGlobalSection
EndGlobal
